
Microsoft Visual Studio Solution File, Format Version 12.00
# Visual Studio Version 17
VisualStudioVersion = 17.3.32929.385
MinimumVisualStudioVersion = 10.0.40219.1
Project("{FAE04EC0-301F-11D3-BF4B-00C04F79EFBC}") = "PrisonerSim TLS", "PrisonerSim TLS.csproj", "{7C826B2B-0A8B-44E4-B124-276431A652F9}"
EndProject
Global
	GlobalSection(SolutionConfigurationPlatforms) = preSolution
		Debug|Any CPU = Debug|Any CPU
		Release|Any CPU = Release|Any CPU
	EndGlobalSection
	GlobalSection(ProjectConfigurationPlatforms) = postSolution
		{7C826B2B-0A8B-44E4-B124-276431A652F9}.Debug|Any CPU.ActiveCfg = Debug|Any CPU
		{7C826B2B-0A8B-44E4-B124-276431A652F9}.Debug|Any CPU.Build.0 = Debug|Any CPU
		{7C826B2B-0A8B-44E4-B124-276431A652F9}.Release|Any CPU.ActiveCfg = Release|Any CPU
		{7C826B2B-0A8B-44E4-B124-276431A652F9}.Release|Any CPU.Build.0 = Release|Any CPU
	EndGlobalSection
	GlobalSection(SolutionProperties) = preSolution
		HideSolutionNode = FALSE
	EndGlobalSection
	GlobalSection(ExtensibilityGlobals) = postSolution
		SolutionGuid = {5BC70855-3405-43B0-B930-6B56064AED14}
	EndGlobalSection
EndGlobal
